{
  "name": "runvalidator",
  "version": "1.0.0",
  "lockfileVersion": 1,
  "requires": true,
  "dependencies": {
    "@angular/common": {
      "version": "9.0.2",
      "resolved": "https://registry.npmjs.org/@angular/common/-/common-9.0.2.tgz",
      "integrity": "sha512-KYOov8fg5WX/bAMkemlcAZxqiq/6ga1BoxjaiZXBj07KDq8i5Nwcm6RmNkeDByCuXd2UHVm1w5t897wEUi6fnw=="
    },
    "@angular/core": {
      "version": "9.0.2",
      "resolved": "https://registry.npmjs.org/@angular/core/-/core-9.0.2.tgz",
      "integrity": "sha512-ccVPR6RZo2s9O9phO0TJ60QZ0WA7qfUMzo0xnpBW0XGcbTzLEn9upvs+0PX64f9UpnHz/MQo0wsqYvTLuoz7Yw=="
    },
    "@angular/forms": {
      "version": "9.0.2",
      "resolved": "https://registry.npmjs.org/@angular/forms/-/forms-9.0.2.tgz",
      "integrity": "sha512-qXEth7yeCd+5i6QyvllXnh/Rkzh16raFX5nfI7mgKHjWMik15Ua8wkVhDX9b5gizWeEyZtZcMGsTbbOQy0Ft3Q=="
    },
    "@angular/platform-browser": {
      "version": "9.0.2",
      "resolved": "https://registry.npmjs.org/@angular/platform-browser/-/platform-browser-9.0.2.tgz",
      "integrity": "sha512-RMivdtJtspYLH/96AzLwLj3v0O9ck0sL6R1uh5JacfBkmedqJzmLn+AOxTdjaGdIpFtw9tisT+0Aw/nkG14vlA=="
    },
    "rxjs": {
      "version": "6.5.4",
      "resolved": "https://registry.npmjs.org/rxjs/-/rxjs-6.5.4.tgz",
      "integrity": "sha512-naMQXcgEo3csAEGvw/NydRA0fuS2nDZJiw1YUWFKU7aPPAPGZEsD4Iimit96qwCieH6y614MCLYwdkrWx7z/7Q==",
      "requires": {
        "tslib": "^1.9.0"
      }
    },
    "tslib": {
      "version": "1.10.0",
      "resolved": "https://registry.npmjs.org/tslib/-/tslib-1.10.0.tgz",
      "integrity": "sha512-qOebF53frne81cf0S9B41ByenJ3/IuH8yJKngAX35CmiZySA0khhkovshKK+jGCaMnVomla7gVlIcc3EvKPbTQ=="
    },
    "zone.js": {
      "version": "0.10.2",
      "resolved": "https://registry.npmjs.org/zone.js/-/zone.js-0.10.2.tgz",
      "integrity": "sha512-UAYfiuvxLN4oyuqhJwd21Uxb4CNawrq6fPS/05Su5L4G+1TN+HVDJMUHNMobVQDFJRir2cLAODXwluaOKB7HFg=="
    }
  }
}
